
Microsoft Visual Studio Solution File, Format Version 12.00
# Visual Studio 15
VisualStudioVersion = 15.0.27703.2018
MinimumVisualStudioVersion = 10.0.40219.1
Project("{FAE04EC0-301F-11D3-BF4B-00C04F79EFBC}") = "CsvToXmlJson", "CsvToXmlJson\CsvToXmlJson.csproj", "{FCD9281C-835E-40DD-8A99-29441B9ED224}"
EndProject
Global
	GlobalSection(SolutionConfigurationPlatforms) = preSolution
		Debug|Any CPU = Debug|Any CPU
		Release|Any CPU = Release|Any CPU
	EndGlobalSection
	GlobalSection(ProjectConfigurationPlatforms) = postSolution
		{FCD9281C-835E-40DD-8A99-29441B9ED224}.Debug|Any CPU.ActiveCfg = Debug|Any CPU
		{FCD9281C-835E-40DD-8A99-29441B9ED224}.Debug|Any CPU.Build.0 = Debug|Any CPU
		{FCD9281C-835E-40DD-8A99-29441B9ED224}.Release|Any CPU.ActiveCfg = Release|Any CPU
		{FCD9281C-835E-40DD-8A99-29441B9ED224}.Release|Any CPU.Build.0 = Release|Any CPU
	EndGlobalSection
	GlobalSection(SolutionProperties) = preSolution
		HideSolutionNode = FALSE
	EndGlobalSection
	GlobalSection(ExtensibilityGlobals) = postSolution
		SolutionGuid = {6B83B182-1E8F-4374-8345-2B09388D090A}
	EndGlobalSection
EndGlobal
